
Microsoft Visual Studio Solution File, Format Version 12.00
# Visual Studio Version 16
VisualStudioVersion = 16.0.30413.136
MinimumVisualStudioVersion = 10.0.40219.1
Project("{9A19103F-16F7-4668-BE54-9A1E7A4F7556}") = "Black.Beard.TransformJson", "Black.Beard.TransformJson\Black.Beard.TransformJson.csproj", "{C62FA5DF-DB05-473B-BB31-9EA0D3B2023B}"
EndProject
Project("{FAE04EC0-301F-11D3-BF4B-00C04F79EFBC}") = "TransformJsonUnitTest", "TransformJsonUnitTest\TransformJsonUnitTest.csproj", "{6E914AAF-7483-4402-ACCC-3F8EBB0219CC}"
EndProject
Project("{2150E333-8FDC-42A3-9474-1A3956D46DE8}") = "Links", "Links", "{CA2581B6-35DE-48E5-95DD-95F916608EE6}"
EndProject
Project("{2150E333-8FDC-42A3-9474-1A3956D46DE8}") = "Solution Items", "Solution Items", "{781BF86E-D80D-403C-83B5-7BC7F167E72E}"
	ProjectSection(SolutionItems) = preProject
		..\README.md = ..\README.md
	EndProjectSection
EndProject
Project("{9A19103F-16F7-4668-BE54-9A1E7A4F7556}") = "Black.Beard.Expressions", "..\..\Black.Beard.Expressions\Src\Black.Beard.Expressions\Black.Beard.Expressions.csproj", "{62AE2218-D5A7-40A9-A1E8-DD54E9C88774}"
EndProject
Project("{9A19103F-16F7-4668-BE54-9A1E7A4F7556}") = "AppJsonEvaluator", "AppJsonEvaluator\AppJsonEvaluator.csproj", "{31F7480A-FBD2-4152-A82A-6E8A89752497}"
EndProject
Project("{FAE04EC0-301F-11D3-BF4B-00C04F79EFBC}") = "Black.Beard.TransformJson.Processors", "Black.Beard.TransformJson.Processors\Black.Beard.TransformJson.Processors.csproj", "{553A2AD0-A788-4466-9477-0A450EAD30F3}"
EndProject
Project("{FAE04EC0-301F-11D3-BF4B-00C04F79EFBC}") = "Black.Beard.TransformJson.Processors.UnitTests", "Black.Beard.TransformJson.Processors.UnitTests\Black.Beard.TransformJson.Processors.UnitTests.csproj", "{977A14D7-7A86-426C-BF43-E53F17DCFFDE}"
EndProject
Project("{FAE04EC0-301F-11D3-BF4B-00C04F79EFBC}") = "Black.Beard.Json", "Black.Beard.Json\Black.Beard.Json.csproj", "{4741FEFF-2D94-4702-A619-9C301B15A5B8}"
EndProject
Project("{2150E333-8FDC-42A3-9474-1A3956D46DE8}") = "DocTests", "DocTests", "{31A7E707-F89E-4ACF-83A1-01A38D3BF909}"
	ProjectSection(SolutionItems) = preProject
		DocTests\source1.json = DocTests\source1.json
		DocTests\template1.json = DocTests\template1.json
	EndProjectSection
EndProject
Global
	GlobalSection(SolutionConfigurationPlatforms) = preSolution
		Debug|Any CPU = Debug|Any CPU
		Release|Any CPU = Release|Any CPU
	EndGlobalSection
	GlobalSection(ProjectConfigurationPlatforms) = postSolution
		{C62FA5DF-DB05-473B-BB31-9EA0D3B2023B}.Debug|Any CPU.ActiveCfg = Debug|Any CPU
		{C62FA5DF-DB05-473B-BB31-9EA0D3B2023B}.Debug|Any CPU.Build.0 = Debug|Any CPU
		{C62FA5DF-DB05-473B-BB31-9EA0D3B2023B}.Release|Any CPU.ActiveCfg = Release|Any CPU
		{C62FA5DF-DB05-473B-BB31-9EA0D3B2023B}.Release|Any CPU.Build.0 = Release|Any CPU
		{6E914AAF-7483-4402-ACCC-3F8EBB0219CC}.Debug|Any CPU.ActiveCfg = Debug|Any CPU
		{6E914AAF-7483-4402-ACCC-3F8EBB0219CC}.Debug|Any CPU.Build.0 = Debug|Any CPU
		{6E914AAF-7483-4402-ACCC-3F8EBB0219CC}.Release|Any CPU.ActiveCfg = Release|Any CPU
		{6E914AAF-7483-4402-ACCC-3F8EBB0219CC}.Release|Any CPU.Build.0 = Release|Any CPU
		{62AE2218-D5A7-40A9-A1E8-DD54E9C88774}.Debug|Any CPU.ActiveCfg = Debug|Any CPU
		{62AE2218-D5A7-40A9-A1E8-DD54E9C88774}.Debug|Any CPU.Build.0 = Debug|Any CPU
		{62AE2218-D5A7-40A9-A1E8-DD54E9C88774}.Release|Any CPU.ActiveCfg = Release|Any CPU
		{62AE2218-D5A7-40A9-A1E8-DD54E9C88774}.Release|Any CPU.Build.0 = Release|Any CPU
		{31F7480A-FBD2-4152-A82A-6E8A89752497}.Debug|Any CPU.ActiveCfg = Debug|Any CPU
		{31F7480A-FBD2-4152-A82A-6E8A89752497}.Debug|Any CPU.Build.0 = Debug|Any CPU
		{31F7480A-FBD2-4152-A82A-6E8A89752497}.Release|Any CPU.ActiveCfg = Release|Any CPU
		{31F7480A-FBD2-4152-A82A-6E8A89752497}.Release|Any CPU.Build.0 = Release|Any CPU
		{553A2AD0-A788-4466-9477-0A450EAD30F3}.Debug|Any CPU.ActiveCfg = Debug|Any CPU
		{553A2AD0-A788-4466-9477-0A450EAD30F3}.Debug|Any CPU.Build.0 = Debug|Any CPU
		{553A2AD0-A788-4466-9477-0A450EAD30F3}.Release|Any CPU.ActiveCfg = Release|Any CPU
		{553A2AD0-A788-4466-9477-0A450EAD30F3}.Release|Any CPU.Build.0 = Release|Any CPU
		{977A14D7-7A86-426C-BF43-E53F17DCFFDE}.Debug|Any CPU.ActiveCfg = Debug|Any CPU
		{977A14D7-7A86-426C-BF43-E53F17DCFFDE}.Debug|Any CPU.Build.0 = Debug|Any CPU
		{977A14D7-7A86-426C-BF43-E53F17DCFFDE}.Release|Any CPU.ActiveCfg = Release|Any CPU
		{977A14D7-7A86-426C-BF43-E53F17DCFFDE}.Release|Any CPU.Build.0 = Release|Any CPU
		{4741FEFF-2D94-4702-A619-9C301B15A5B8}.Debug|Any CPU.ActiveCfg = Debug|Any CPU
		{4741FEFF-2D94-4702-A619-9C301B15A5B8}.Debug|Any CPU.Build.0 = Debug|Any CPU
		{4741FEFF-2D94-4702-A619-9C301B15A5B8}.Release|Any CPU.ActiveCfg = Release|Any CPU
		{4741FEFF-2D94-4702-A619-9C301B15A5B8}.Release|Any CPU.Build.0 = Release|Any CPU
	EndGlobalSection
	GlobalSection(SolutionProperties) = preSolution
		HideSolutionNode = FALSE
	EndGlobalSection
	GlobalSection(ExtensibilityGlobals) = postSolution
		SolutionGuid = {8FE3126F-945D-4F04-9875-84863646A614}
	EndGlobalSection
EndGlobal
