
Microsoft Visual Studio Solution File, Format Version 12.00
# Visual Studio Version 16
VisualStudioVersion = 16.0.30413.136
MinimumVisualStudioVersion = 10.0.40219.1
Project("{9A19103F-16F7-4668-BE54-9A1E7A4F7556}") = "Black.Beard.TransformJson", "Black.Beard.TransformJson\Black.Beard.TransformJson.csproj", "{C62FA5DF-DB05-473B-BB31-9EA0D3B2023B}"
EndProject
Project("{FAE04EC0-301F-11D3-BF4B-00C04F79EFBC}") = "TransformJsonUnitTest", "TransformJsonUnitTest\TransformJsonUnitTest.csproj", "{6E914AAF-7483-4402-ACCC-3F8EBB0219CC}"
EndProject
Project("{9A19103F-16F7-4668-BE54-9A1E7A4F7556}") = "Black.Beard.ComponentModel.Attributes", "..\..\Black.Beard.ComponentModel\Src\Black.Beard.ComponentModel.Attributes\Black.Beard.ComponentModel.Attributes.csproj", "{709FE103-B079-408F-A15A-27E12CE42318}"
EndProject
Project("{9A19103F-16F7-4668-BE54-9A1E7A4F7556}") = "Black.Beard.ComponentModel", "..\..\Black.Beard.ComponentModel\Src\Black.Beard.ComponentModel\Black.Beard.ComponentModel.csproj", "{A543881C-FCE1-45B5-89E2-130207824097}"
EndProject
Project("{2150E333-8FDC-42A3-9474-1A3956D46DE8}") = "Links", "Links", "{CA2581B6-35DE-48E5-95DD-95F916608EE6}"
EndProject
Project("{2150E333-8FDC-42A3-9474-1A3956D46DE8}") = "Solution Items", "Solution Items", "{781BF86E-D80D-403C-83B5-7BC7F167E72E}"
	ProjectSection(SolutionItems) = preProject
		..\README.md = ..\README.md
	EndProjectSection
EndProject
Global
	GlobalSection(SolutionConfigurationPlatforms) = preSolution
		Debug|Any CPU = Debug|Any CPU
		Release|Any CPU = Release|Any CPU
	EndGlobalSection
	GlobalSection(ProjectConfigurationPlatforms) = postSolution
		{C62FA5DF-DB05-473B-BB31-9EA0D3B2023B}.Debug|Any CPU.ActiveCfg = Debug|Any CPU
		{C62FA5DF-DB05-473B-BB31-9EA0D3B2023B}.Debug|Any CPU.Build.0 = Debug|Any CPU
		{C62FA5DF-DB05-473B-BB31-9EA0D3B2023B}.Release|Any CPU.ActiveCfg = Release|Any CPU
		{C62FA5DF-DB05-473B-BB31-9EA0D3B2023B}.Release|Any CPU.Build.0 = Release|Any CPU
		{6E914AAF-7483-4402-ACCC-3F8EBB0219CC}.Debug|Any CPU.ActiveCfg = Debug|Any CPU
		{6E914AAF-7483-4402-ACCC-3F8EBB0219CC}.Debug|Any CPU.Build.0 = Debug|Any CPU
		{6E914AAF-7483-4402-ACCC-3F8EBB0219CC}.Release|Any CPU.ActiveCfg = Release|Any CPU
		{6E914AAF-7483-4402-ACCC-3F8EBB0219CC}.Release|Any CPU.Build.0 = Release|Any CPU
		{709FE103-B079-408F-A15A-27E12CE42318}.Debug|Any CPU.ActiveCfg = Debug|Any CPU
		{709FE103-B079-408F-A15A-27E12CE42318}.Debug|Any CPU.Build.0 = Debug|Any CPU
		{709FE103-B079-408F-A15A-27E12CE42318}.Release|Any CPU.ActiveCfg = Release|Any CPU
		{709FE103-B079-408F-A15A-27E12CE42318}.Release|Any CPU.Build.0 = Release|Any CPU
		{A543881C-FCE1-45B5-89E2-130207824097}.Debug|Any CPU.ActiveCfg = Debug|Any CPU
		{A543881C-FCE1-45B5-89E2-130207824097}.Debug|Any CPU.Build.0 = Debug|Any CPU
		{A543881C-FCE1-45B5-89E2-130207824097}.Release|Any CPU.ActiveCfg = Release|Any CPU
		{A543881C-FCE1-45B5-89E2-130207824097}.Release|Any CPU.Build.0 = Release|Any CPU
	EndGlobalSection
	GlobalSection(SolutionProperties) = preSolution
		HideSolutionNode = FALSE
	EndGlobalSection
	GlobalSection(NestedProjects) = preSolution
		{709FE103-B079-408F-A15A-27E12CE42318} = {CA2581B6-35DE-48E5-95DD-95F916608EE6}
		{A543881C-FCE1-45B5-89E2-130207824097} = {CA2581B6-35DE-48E5-95DD-95F916608EE6}
	EndGlobalSection
	GlobalSection(ExtensibilityGlobals) = postSolution
		SolutionGuid = {8FE3126F-945D-4F04-9875-84863646A614}
	EndGlobalSection
EndGlobal
